// !$*UTF8*$!
{
	archiveVersion = 1;
	classes = {
	};
	objectVersion = 50;
	objects = {

/* Begin PBXBuildFile section */
		610227C220A58ADE00A7BFDE /* UPPayControl.mm in Sources */ = {isa = PBXBuildFile; fileRef = 610227C120A58ADE00A7BFDE /* UPPayControl.mm */; };
		610227C320A58ADE00A7BFDE /* UPPayControl.h in CopyFiles */ = {isa = PBXBuildFile; fileRef = 610227C020A58ADE00A7BFDE /* UPPayControl.h */; };
		610227D020A58BE200A7BFDE /* libPaymentControl.a in Frameworks */ = {isa = PBXBuildFile; fileRef = 610227CF20A58BE200A7BFDE /* libPaymentControl.a */; };
/* End PBXBuildFile section */

/* Begin PBXCopyFilesBuildPhase section */
		610227BB20A58ADE00A7BFDE /* CopyFiles */ = {
			isa = PBXCopyFilesBuildPhase;
			buildActionMask = 2147483647;
			dstPath = "include/$(PRODUCT_NAME)";
			dstSubfolderSpec = 16;
			files = (
				610227C320A58ADE00A7BFDE /* UPPayControl.h in CopyFiles */,
			);
			runOnlyForDeploymentPostprocessing = 0;
		};
/* End PBXCopyFilesBuildPhase section */

/* Begin PBXFileReference section */
		610227BD20A58ADE00A7BFDE /* libUPPayControl.a */ = {isa = PBXFileReference; explicitFileType = archive.ar; includeInIndex = 0; path = libUPPayControl.a; sourceTree = BUILT_PRODUCTS_DIR; };
		610227C020A58ADE00A7BFDE /* UPPayControl.h */ = {isa = PBXFileReference; lastKnownFileType = sourcecode.c.h; path = UPPayControl.h; sourceTree = "<group>"; };
		610227C120A58ADE00A7BFDE /* UPPayControl.mm */ = {isa = PBXFileReference; lastKnownFileType = sourcecode.cpp.objcpp; path = UPPayControl.mm; sourceTree = "<group>"; };
		610227CB20A58BE200A7BFDE /* UPPaymentControl.h */ = {isa = PBXFileReference; fileEncoding = 4; lastKnownFileType = sourcecode.c.h; path = UPPaymentControl.h; sourceTree = "<group>"; };
		610227CC20A58BE200A7BFDE /* UPAPayPlugin.h */ = {isa = PBXFileReference; fileEncoding = 4; lastKnownFileType = sourcecode.c.h; path = UPAPayPlugin.h; sourceTree = "<group>"; };
		610227CD20A58BE200A7BFDE /* UPAPayPluginDelegate.h */ = {isa = PBXFileReference; fileEncoding = 4; lastKnownFileType = sourcecode.c.h; path = UPAPayPluginDelegate.h; sourceTree = "<group>"; };
		610227CF20A58BE200A7BFDE /* libPaymentControl.a */ = {isa = PBXFileReference; lastKnownFileType = archive.ar; path = libPaymentControl.a; sourceTree = "<group>"; };
/* End PBXFileReference section */

/* Begin PBXFrameworksBuildPhase section */
		610227BA20A58ADE00A7BFDE /* Frameworks */ = {
			isa = PBXFrameworksBuildPhase;
			buildActionMask = 2147483647;
			files = (
				610227D020A58BE200A7BFDE /* libPaymentControl.a in Frameworks */,
			);
			runOnlyForDeploymentPostprocessing = 0;
		};
/* End PBXFrameworksBuildPhase section */

/* Begin PBXGroup section */
		610227B420A58ADE00A7BFDE = {
			isa = PBXGroup;
			children = (
				610227BF20A58ADE00A7BFDE /* UPPayControl */,
				610227BE20A58ADE00A7BFDE /* Products */,
			);
			sourceTree = "<group>";
		};
		610227BE20A58ADE00A7BFDE /* Products */ = {
			isa = PBXGroup;
			children = (
				610227BD20A58ADE00A7BFDE /* libUPPayControl.a */,
			);
			name = Products;
			sourceTree = "<group>";
		};
		610227BF20A58ADE00A7BFDE /* UPPayControl */ = {
			isa = PBXGroup;
			children = (
				610227C020A58ADE00A7BFDE /* UPPayControl.h */,
				610227C120A58ADE00A7BFDE /* UPPayControl.mm */,
				610227C920A58BE200A7BFDE /* paymentcontrol */,
			);
			path = UPPayControl;
			sourceTree = "<group>";
		};
		610227C920A58BE200A7BFDE /* paymentcontrol */ = {
			isa = PBXGroup;
			children = (
				610227CA20A58BE200A7BFDE /* inc */,
				610227CE20A58BE200A7BFDE /* libs */,
			);
			path = paymentcontrol;
			sourceTree = "<group>";
		};
		610227CA20A58BE200A7BFDE /* inc */ = {
			isa = PBXGroup;
			children = (
				610227CB20A58BE200A7BFDE /* UPPaymentControl.h */,
				610227CC20A58BE200A7BFDE /* UPAPayPlugin.h */,
				610227CD20A58BE200A7BFDE /* UPAPayPluginDelegate.h */,
			);
			path = inc;
			sourceTree = "<group>";
		};
		610227CE20A58BE200A7BFDE /* libs */ = {
			isa = PBXGroup;
			children = (
				610227CF20A58BE200A7BFDE /* libPaymentControl.a */,
			);
			path = libs;
			sourceTree = "<group>";
		};
/* End PBXGroup section */

/* Begin PBXNativeTarget section */
		610227BC20A58ADE00A7BFDE /* UPPayControl */ = {
			isa = PBXNativeTarget;
			buildConfigurationList = 610227C620A58ADE00A7BFDE /* Build configuration list for PBXNativeTarget "UPPayControl" */;
			buildPhases = (
				610227B920A58ADE00A7BFDE /* Sources */,
				610227BA20A58ADE00A7BFDE /* Frameworks */,
				610227BB20A58ADE00A7BFDE /* CopyFiles */,
			);
			buildRules = (
			);
			dependencies = (
			);
			name = UPPayControl;
			productName = UPPayControl;
			productReference = 610227BD20A58ADE00A7BFDE /* libUPPayControl.a */;
			productType = "com.apple.product-type.library.static";
		};
/* End PBXNativeTarget section */

/* Begin PBXProject section */
		610227B520A58ADE00A7BFDE /* Project object */ = {
			isa = PBXProject;
			attributes = {
				LastUpgradeCheck = 0930;
				ORGANIZATIONNAME = wangsheng;
				TargetAttributes = {
					610227BC20A58ADE00A7BFDE = {
						CreatedOnToolsVersion = 9.3;
					};
				};
			};
			buildConfigurationList = 610227B820A58ADE00A7BFDE /* Build configuration list for PBXProject "UPPayControl" */;
			compatibilityVersion = "Xcode 9.3";
			developmentRegion = en;
			hasScannedForEncodings = 0;
			knownRegions = (
				en,
			);
			mainGroup = 610227B420A58ADE00A7BFDE;
			productRefGroup = 610227BE20A58ADE00A7BFDE /* Products */;
			projectDirPath = "";
			projectRoot = "";
			targets = (
				610227BC20A58ADE00A7BFDE /* UPPayControl */,
			);
		};
/* End PBXProject section */

/* Begin PBXSourcesBuildPhase section */
		610227B920A58ADE00A7BFDE /* Sources */ = {
			isa = PBXSourcesBuildPhase;
			buildActionMask = 2147483647;
			files = (
				610227C220A58ADE00A7BFDE /* UPPayControl.mm in Sources */,
			);
			runOnlyForDeploymentPostprocessing = 0;
		};
/* End PBXSourcesBuildPhase section */

/* Begin XCBuildConfiguration section */
		610227C420A58ADE00A7BFDE /* Debug */ = {
			isa = XCBuildConfiguration;
			buildSettings = {
				ALWAYS_SEARCH_USER_PATHS = NO;
				CLANG_ANALYZER_NONNULL = YES;
				CLANG_ANALYZER_NUMBER_OBJECT_CONVERSION = YES_AGGRESSIVE;
				CLANG_CXX_LANGUAGE_STANDARD = "gnu++14";
				CLANG_CXX_LIBRARY = "libc++";
				CLANG_ENABLE_MODULES = YES;
				CLANG_ENABLE_OBJC_ARC = YES;
				CLANG_ENABLE_OBJC_WEAK = YES;
				CLANG_WARN_BLOCK_CAPTURE_AUTORELEASING = YES;
				CLANG_WARN_BOOL_CONVERSION = YES;
				CLANG_WARN_COMMA = YES;
				CLANG_WARN_CONSTANT_CONVERSION = YES;
				CLANG_WARN_DEPRECATED_OBJC_IMPLEMENTATIONS = YES;
				CLANG_WARN_DIRECT_OBJC_ISA_USAGE = YES_ERROR;
				CLANG_WARN_DOCUMENTATION_COMMENTS = YES;
				CLANG_WARN_EMPTY_BODY = YES;
				CLANG_WARN_ENUM_CONVERSION = YES;
				CLANG_WARN_INFINITE_RECURSION = YES;
				CLANG_WARN_INT_CONVERSION = YES;
				CLANG_WARN_NON_LITERAL_NULL_CONVERSION = YES;
				CLANG_WARN_OBJC_IMPLICIT_RETAIN_SELF = YES;
				CLANG_WARN_OBJC_LITERAL_CONVERSION = YES;
				CLANG_WARN_OBJC_ROOT_CLASS = YES_ERROR;
				CLANG_WARN_RANGE_LOOP_ANALYSIS = YES;
				CLANG_WARN_STRICT_PROTOTYPES = YES;
				CLANG_WARN_SUSPICIOUS_MOVE = YES;
				CLANG_WARN_UNGUARDED_AVAILABILITY = YES_AGGRESSIVE;
				CLANG_WARN_UNREACHABLE_CODE = YES;
				CLANG_WARN__DUPLICATE_METHOD_MATCH = YES;
				CODE_SIGN_IDENTITY = "iPhone Developer";
				COPY_PHASE_STRIP = NO;
				DEBUG_INFORMATION_FORMAT = dwarf;
				ENABLE_STRICT_OBJC_MSGSEND = YES;
				ENABLE_TESTABILITY = YES;
				GCC_C_LANGUAGE_STANDARD = gnu11;
				GCC_DYNAMIC_NO_PIC = NO;
				GCC_NO_COMMON_BLOCKS = YES;
				GCC_OPTIMIZATION_LEVEL = 0;
				GCC_PREPROCESSOR_DEFINITIONS = (
					"DEBUG=1",
					"$(inherited)",
				);
				GCC_WARN_64_TO_32_BIT_CONVERSION = YES;
				GCC_WARN_ABOUT_RETURN_TYPE = YES_ERROR;
				GCC_WARN_UNDECLARED_SELECTOR = YES;
				GCC_WARN_UNINITIALIZED_AUTOS = YES_AGGRESSIVE;
				GCC_WARN_UNUSED_FUNCTION = YES;
				GCC_WARN_UNUSED_VARIABLE = YES;
				IPHONEOS_DEPLOYMENT_TARGET = 11.3;
				MTL_ENABLE_DEBUG_INFO = YES;
				ONLY_ACTIVE_ARCH = YES;
				SDKROOT = iphoneos;
			};
			name = Debug;
		};
		610227C520A58ADE00A7BFDE /* Release */ = {
			isa = XCBuildConfiguration;
			buildSettings = {
				ALWAYS_SEARCH_USER_PATHS = NO;
				CLANG_ANALYZER_NONNULL = YES;
				CLANG_ANALYZER_NUMBER_OBJECT_CONVERSION = YES_AGGRESSIVE;
				CLANG_CXX_LANGUAGE_STANDARD = "gnu++14";
				CLANG_CXX_LIBRARY = "libc++";
				CLANG_ENABLE_MODULES = YES;
				CLANG_ENABLE_OBJC_ARC = YES;
				CLANG_ENABLE_OBJC_WEAK = YES;
				CLANG_WARN_BLOCK_CAPTURE_AUTORELEASING = YES;
				CLANG_WARN_BOOL_CONVERSION = YES;
				CLANG_WARN_COMMA = YES;
				CLANG_WARN_CONSTANT_CONVERSION = YES;
				CLANG_WARN_DEPRECATED_OBJC_IMPLEMENTATIONS = YES;
				CLANG_WARN_DIRECT_OBJC_ISA_USAGE = YES_ERROR;
				CLANG_WARN_DOCUMENTATION_COMMENTS = YES;
				CLANG_WARN_EMPTY_BODY = YES;
				CLANG_WARN_ENUM_CONVERSION = YES;
				CLANG_WARN_INFINITE_RECURSION = YES;
				CLANG_WARN_INT_CONVERSION = YES;
				CLANG_WARN_NON_LITERAL_NULL_CONVERSION = YES;
				CLANG_WARN_OBJC_IMPLICIT_RETAIN_SELF = YES;
				CLANG_WARN_OBJC_LITERAL_CONVERSION = YES;
				CLANG_WARN_OBJC_ROOT_CLASS = YES_ERROR;
				CLANG_WARN_RANGE_LOOP_ANALYSIS = YES;
				CLANG_WARN_STRICT_PROTOTYPES = YES;
				CLANG_WARN_SUSPICIOUS_MOVE = YES;
				CLANG_WARN_UNGUARDED_AVAILABILITY = YES_AGGRESSIVE;
				CLANG_WARN_UNREACHABLE_CODE = YES;
				CLANG_WARN__DUPLICATE_METHOD_MATCH = YES;
				CODE_SIGN_IDENTITY = "iPhone Developer";
				COPY_PHASE_STRIP = NO;
				DEBUG_INFORMATION_FORMAT = "dwarf-with-dsym";
				ENABLE_NS_ASSERTIONS = NO;
				ENABLE_STRICT_OBJC_MSGSEND = YES;
				GCC_C_LANGUAGE_STANDARD = gnu11;
				GCC_NO_COMMON_BLOCKS = YES;
				GCC_WARN_64_TO_32_BIT_CONVERSION = YES;
				GCC_WARN_ABOUT_RETURN_TYPE = YES_ERROR;
				GCC_WARN_UNDECLARED_SELECTOR = YES;
				GCC_WARN_UNINITIALIZED_AUTOS = YES_AGGRESSIVE;
				GCC_WARN_UNUSED_FUNCTION = YES;
				GCC_WARN_UNUSED_VARIABLE = YES;
				IPHONEOS_DEPLOYMENT_TARGET = 11.3;
				MTL_ENABLE_DEBUG_INFO = NO;
				SDKROOT = iphoneos;
				VALIDATE_PRODUCT = YES;
			};
			name = Release;
		};
		610227C720A58ADE00A7BFDE /* Debug */ = {
			isa = XCBuildConfiguration;
			buildSettings = {
				CODE_SIGN_STYLE = Automatic;
				DEVELOPMENT_TEAM = PSE9G8YJ83;
				HEADER_SEARCH_PATHS = "$(SRCROOT)/../../react-native/React/**";
				LIBRARY_SEARCH_PATHS = (
					"$(inherited)",
					"$(PROJECT_DIR)/UPPayControl/paymentcontrol/libs",
				);
				OTHER_LDFLAGS = "-ObjC";
				PRODUCT_NAME = "$(TARGET_NAME)";
				SKIP_INSTALL = YES;
				TARGETED_DEVICE_FAMILY = "1,2";
			};
			name = Debug;
		};
		610227C820A58ADE00A7BFDE /* Release */ = {
			isa = XCBuildConfiguration;
			buildSettings = {
				CODE_SIGN_STYLE = Automatic;
				DEVELOPMENT_TEAM = PSE9G8YJ83;
				HEADER_SEARCH_PATHS = "$(SRCROOT)/../../react-native/React/**";
				LIBRARY_SEARCH_PATHS = (
					"$(inherited)",
					"$(PROJECT_DIR)/UPPayControl/paymentcontrol/libs",
				);
				OTHER_LDFLAGS = "-ObjC";
				PRODUCT_NAME = "$(TARGET_NAME)";
				SKIP_INSTALL = YES;
				TARGETED_DEVICE_FAMILY = "1,2";
			};
			name = Release;
		};
/* End XCBuildConfiguration section */

/* Begin XCConfigurationList section */
		610227B820A58ADE00A7BFDE /* Build configuration list for PBXProject "UPPayControl" */ = {
			isa = XCConfigurationList;
			buildConfigurations = (
				610227C420A58ADE00A7BFDE /* Debug */,
				610227C520A58ADE00A7BFDE /* Release */,
			);
			defaultConfigurationIsVisible = 0;
			defaultConfigurationName = Release;
		};
		610227C620A58ADE00A7BFDE /* Build configuration list for PBXNativeTarget "UPPayControl" */ = {
			isa = XCConfigurationList;
			buildConfigurations = (
				610227C720A58ADE00A7BFDE /* Debug */,
				610227C820A58ADE00A7BFDE /* Release */,
			);
			defaultConfigurationIsVisible = 0;
			defaultConfigurationName = Release;
		};
/* End XCConfigurationList section */
	};
	rootObject = 610227B520A58ADE00A7BFDE /* Project object */;
}
